// !$*UTF8*$!
{
	archiveVersion = 1;
	classes = {
	};
	objectVersion = 55;
	objects = {

/* Begin PBXBuildFile section */
		5A6869DC27F08820004A47DC /* VK_intern_task_swiftuiApp.swift in Sources */ = {isa = PBXBuildFile; fileRef = 5A6869DB27F08820004A47DC /* VK_intern_task_swiftuiApp.swift */; };
		5A6869DE27F08820004A47DC /* ContentView.swift in Sources */ = {isa = PBXBuildFile; fileRef = 5A6869DD27F08820004A47DC /* ContentView.swift */; };
		5A6869E027F08823004A47DC /* Assets.xcassets in Resources */ = {isa = PBXBuildFile; fileRef = 5A6869DF27F08823004A47DC /* Assets.xcassets */; };
		5A6869E327F08823004A47DC /* Preview Assets.xcassets in Resources */ = {isa = PBXBuildFile; fileRef = 5A6869E227F08823004A47DC /* Preview Assets.xcassets */; };
		5A6869ED27F0888E004A47DC /* TableModel.swift in Sources */ = {isa = PBXBuildFile; fileRef = 5A6869EC27F0888E004A47DC /* TableModel.swift */; };
		5A6869EF27F088AF004A47DC /* TableViewModel.swift in Sources */ = {isa = PBXBuildFile; fileRef = 5A6869EE27F088AF004A47DC /* TableViewModel.swift */; };
		5A6869F127F0983D004A47DC /* CellView.swift in Sources */ = {isa = PBXBuildFile; fileRef = 5A6869F027F0983D004A47DC /* CellView.swift */; };
		5A6869F327F0A75B004A47DC /* LoadingView.swift in Sources */ = {isa = PBXBuildFile; fileRef = 5A6869F227F0A75B004A47DC /* LoadingView.swift */; };
/* End PBXBuildFile section */

/* Begin PBXFileReference section */
		5A6869D827F08820004A47DC /* VK intern task swiftui.app */ = {isa = PBXFileReference; explicitFileType = wrapper.application; includeInIndex = 0; path = "VK intern task swiftui.app"; sourceTree = BUILT_PRODUCTS_DIR; };
		5A6869DB27F08820004A47DC /* VK_intern_task_swiftuiApp.swift */ = {isa = PBXFileReference; lastKnownFileType = sourcecode.swift; path = VK_intern_task_swiftuiApp.swift; sourceTree = "<group>"; };
		5A6869DD27F08820004A47DC /* ContentView.swift */ = {isa = PBXFileReference; lastKnownFileType = sourcecode.swift; path = ContentView.swift; sourceTree = "<group>"; };
		5A6869DF27F08823004A47DC /* Assets.xcassets */ = {isa = PBXFileReference; lastKnownFileType = folder.assetcatalog; path = Assets.xcassets; sourceTree = "<group>"; };
		5A6869E227F08823004A47DC /* Preview Assets.xcassets */ = {isa = PBXFileReference; lastKnownFileType = folder.assetcatalog; path = "Preview Assets.xcassets"; sourceTree = "<group>"; };
		5A6869EC27F0888E004A47DC /* TableModel.swift */ = {isa = PBXFileReference; lastKnownFileType = sourcecode.swift; path = TableModel.swift; sourceTree = "<group>"; };
		5A6869EE27F088AF004A47DC /* TableViewModel.swift */ = {isa = PBXFileReference; lastKnownFileType = sourcecode.swift; path = TableViewModel.swift; sourceTree = "<group>"; };
		5A6869F027F0983D004A47DC /* CellView.swift */ = {isa = PBXFileReference; lastKnownFileType = sourcecode.swift; path = CellView.swift; sourceTree = "<group>"; };
		5A6869F227F0A75B004A47DC /* LoadingView.swift */ = {isa = PBXFileReference; lastKnownFileType = sourcecode.swift; path = LoadingView.swift; sourceTree = "<group>"; };
/* End PBXFileReference section */

/* Begin PBXFrameworksBuildPhase section */
		5A6869D527F08820004A47DC /* Frameworks */ = {
			isa = PBXFrameworksBuildPhase;
			buildActionMask = 2147483647;
			files = (
			);
			runOnlyForDeploymentPostprocessing = 0;
		};
/* End PBXFrameworksBuildPhase section */

/* Begin PBXGroup section */
		5A6869CF27F08820004A47DC = {
			isa = PBXGroup;
			children = (
				5A6869DA27F08820004A47DC /* VK intern task swiftui */,
				5A6869D927F08820004A47DC /* Products */,
			);
			sourceTree = "<group>";
		};
		5A6869D927F08820004A47DC /* Products */ = {
			isa = PBXGroup;
			children = (
				5A6869D827F08820004A47DC /* VK intern task swiftui.app */,
			);
			name = Products;
			sourceTree = "<group>";
		};
		5A6869DA27F08820004A47DC /* VK intern task swiftui */ = {
			isa = PBXGroup;
			children = (
				5A6869EB27F08877004A47DC /* Views */,
				5A6869EA27F0886E004A47DC /* Models */,
				5A6869E927F08864004A47DC /* ViewModels */,
				5A6869DB27F08820004A47DC /* VK_intern_task_swiftuiApp.swift */,
				5A6869DF27F08823004A47DC /* Assets.xcassets */,
				5A6869E127F08823004A47DC /* Preview Content */,
			);
			path = "VK intern task swiftui";
			sourceTree = "<group>";
		};
		5A6869E127F08823004A47DC /* Preview Content */ = {
			isa = PBXGroup;
			children = (
				5A6869E227F08823004A47DC /* Preview Assets.xcassets */,
			);
			path = "Preview Content";
			sourceTree = "<group>";
		};
		5A6869E927F08864004A47DC /* ViewModels */ = {
			isa = PBXGroup;
			children = (
				5A6869EE27F088AF004A47DC /* TableViewModel.swift */,
			);
			path = ViewModels;
			sourceTree = "<group>";
		};
		5A6869EA27F0886E004A47DC /* Models */ = {
			isa = PBXGroup;
			children = (
				5A6869EC27F0888E004A47DC /* TableModel.swift */,
			);
			path = Models;
			sourceTree = "<group>";
		};
		5A6869EB27F08877004A47DC /* Views */ = {
			isa = PBXGroup;
			children = (
				5A6869DD27F08820004A47DC /* ContentView.swift */,
				5A6869F027F0983D004A47DC /* CellView.swift */,
				5A6869F227F0A75B004A47DC /* LoadingView.swift */,
			);
			path = Views;
			sourceTree = "<group>";
		};
/* End PBXGroup section */

/* Begin PBXNativeTarget section */
		5A6869D727F08820004A47DC /* VK intern task swiftui */ = {
			isa = PBXNativeTarget;
			buildConfigurationList = 5A6869E627F08823004A47DC /* Build configuration list for PBXNativeTarget "VK intern task swiftui" */;
			buildPhases = (
				5A6869D427F08820004A47DC /* Sources */,
				5A6869D527F08820004A47DC /* Frameworks */,
				5A6869D627F08820004A47DC /* Resources */,
			);
			buildRules = (
			);
			dependencies = (
			);
			name = "VK intern task swiftui";
			productName = "VK intern task swiftui";
			productReference = 5A6869D827F08820004A47DC /* VK intern task swiftui.app */;
			productType = "com.apple.product-type.application";
		};
/* End PBXNativeTarget section */

/* Begin PBXProject section */
		5A6869D027F08820004A47DC /* Project object */ = {
			isa = PBXProject;
			attributes = {
				BuildIndependentTargetsInParallel = 1;
				LastSwiftUpdateCheck = 1300;
				LastUpgradeCheck = 1300;
				TargetAttributes = {
					5A6869D727F08820004A47DC = {
						CreatedOnToolsVersion = 13.0;
					};
				};
			};
			buildConfigurationList = 5A6869D327F08820004A47DC /* Build configuration list for PBXProject "VK intern task swiftui" */;
			compatibilityVersion = "Xcode 13.0";
			developmentRegion = en;
			hasScannedForEncodings = 0;
			knownRegions = (
				en,
				Base,
			);
			mainGroup = 5A6869CF27F08820004A47DC;
			productRefGroup = 5A6869D927F08820004A47DC /* Products */;
			projectDirPath = "";
			projectRoot = "";
			targets = (
				5A6869D727F08820004A47DC /* VK intern task swiftui */,
			);
		};
/* End PBXProject section */

/* Begin PBXResourcesBuildPhase section */
		5A6869D627F08820004A47DC /* Resources */ = {
			isa = PBXResourcesBuildPhase;
			buildActionMask = 2147483647;
			files = (
				5A6869E327F08823004A47DC /* Preview Assets.xcassets in Resources */,
				5A6869E027F08823004A47DC /* Assets.xcassets in Resources */,
			);
			runOnlyForDeploymentPostprocessing = 0;
		};
/* End PBXResourcesBuildPhase section */

/* Begin PBXSourcesBuildPhase section */
		5A6869D427F08820004A47DC /* Sources */ = {
			isa = PBXSourcesBuildPhase;
			buildActionMask = 2147483647;
			files = (
				5A6869DE27F08820004A47DC /* ContentView.swift in Sources */,
				5A6869F127F0983D004A47DC /* CellView.swift in Sources */,
				5A6869DC27F08820004A47DC /* VK_intern_task_swiftuiApp.swift in Sources */,
				5A6869ED27F0888E004A47DC /* TableModel.swift in Sources */,
				5A6869EF27F088AF004A47DC /* TableViewModel.swift in Sources */,
				5A6869F327F0A75B004A47DC /* LoadingView.swift in Sources */,
			);
			runOnlyForDeploymentPostprocessing = 0;
		};
/* End PBXSourcesBuildPhase section */

/* Begin XCBuildConfiguration section */
		5A6869E427F08823004A47DC /* Debug */ = {
			isa = XCBuildConfiguration;
			buildSettings = {
				ALWAYS_SEARCH_USER_PATHS = NO;
				CLANG_ANALYZER_NONNULL = YES;
				CLANG_ANALYZER_NUMBER_OBJECT_CONVERSION = YES_AGGRESSIVE;
				CLANG_CXX_LANGUAGE_STANDARD = "gnu++17";
				CLANG_CXX_LIBRARY = "libc++";
				CLANG_ENABLE_MODULES = YES;
				CLANG_ENABLE_OBJC_ARC = YES;
				CLANG_ENABLE_OBJC_WEAK = YES;
				CLANG_WARN_BLOCK_CAPTURE_AUTORELEASING = YES;
				CLANG_WARN_BOOL_CONVERSION = YES;
				CLANG_WARN_COMMA = YES;
				CLANG_WARN_CONSTANT_CONVERSION = YES;
				CLANG_WARN_DEPRECATED_OBJC_IMPLEMENTATIONS = YES;
				CLANG_WARN_DIRECT_OBJC_ISA_USAGE = YES_ERROR;
				CLANG_WARN_DOCUMENTATION_COMMENTS = YES;
				CLANG_WARN_EMPTY_BODY = YES;
				CLANG_WARN_ENUM_CONVERSION = YES;
				CLANG_WARN_INFINITE_RECURSION = YES;
				CLANG_WARN_INT_CONVERSION = YES;
				CLANG_WARN_NON_LITERAL_NULL_CONVERSION = YES;
				CLANG_WARN_OBJC_IMPLICIT_RETAIN_SELF = YES;
				CLANG_WARN_OBJC_LITERAL_CONVERSION = YES;
				CLANG_WARN_OBJC_ROOT_CLASS = YES_ERROR;
				CLANG_WARN_QUOTED_INCLUDE_IN_FRAMEWORK_HEADER = YES;
				CLANG_WARN_RANGE_LOOP_ANALYSIS = YES;
				CLANG_WARN_STRICT_PROTOTYPES = YES;
				CLANG_WARN_SUSPICIOUS_MOVE = YES;
				CLANG_WARN_UNGUARDED_AVAILABILITY = YES_AGGRESSIVE;
				CLANG_WARN_UNREACHABLE_CODE = YES;
				CLANG_WARN__DUPLICATE_METHOD_MATCH = YES;
				COPY_PHASE_STRIP = NO;
				DEBUG_INFORMATION_FORMAT = dwarf;
				ENABLE_STRICT_OBJC_MSGSEND = YES;
				ENABLE_TESTABILITY = YES;
				GCC_C_LANGUAGE_STANDARD = gnu11;
				GCC_DYNAMIC_NO_PIC = NO;
				GCC_NO_COMMON_BLOCKS = YES;
				GCC_OPTIMIZATION_LEVEL = 0;
				GCC_PREPROCESSOR_DEFINITIONS = (
					"DEBUG=1",
					"$(inherited)",
				);
				GCC_WARN_64_TO_32_BIT_CONVERSION = YES;
				GCC_WARN_ABOUT_RETURN_TYPE = YES_ERROR;
				GCC_WARN_UNDECLARED_SELECTOR = YES;
				GCC_WARN_UNINITIALIZED_AUTOS = YES_AGGRESSIVE;
				GCC_WARN_UNUSED_FUNCTION = YES;
				GCC_WARN_UNUSED_VARIABLE = YES;
				IPHONEOS_DEPLOYMENT_TARGET = 15.0;
				MTL_ENABLE_DEBUG_INFO = INCLUDE_SOURCE;
				MTL_FAST_MATH = YES;
				ONLY_ACTIVE_ARCH = YES;
				SDKROOT = iphoneos;
				SWIFT_ACTIVE_COMPILATION_CONDITIONS = DEBUG;
				SWIFT_OPTIMIZATION_LEVEL = "-Onone";
			};
			name = Debug;
		};
		5A6869E527F08823004A47DC /* Release */ = {
			isa = XCBuildConfiguration;
			buildSettings = {
				ALWAYS_SEARCH_USER_PATHS = NO;
				CLANG_ANALYZER_NONNULL = YES;
				CLANG_ANALYZER_NUMBER_OBJECT_CONVERSION = YES_AGGRESSIVE;
				CLANG_CXX_LANGUAGE_STANDARD = "gnu++17";
				CLANG_CXX_LIBRARY = "libc++";
				CLANG_ENABLE_MODULES = YES;
				CLANG_ENABLE_OBJC_ARC = YES;
				CLANG_ENABLE_OBJC_WEAK = YES;
				CLANG_WARN_BLOCK_CAPTURE_AUTORELEASING = YES;
				CLANG_WARN_BOOL_CONVERSION = YES;
				CLANG_WARN_COMMA = YES;
				CLANG_WARN_CONSTANT_CONVERSION = YES;
				CLANG_WARN_DEPRECATED_OBJC_IMPLEMENTATIONS = YES;
				CLANG_WARN_DIRECT_OBJC_ISA_USAGE = YES_ERROR;
				CLANG_WARN_DOCUMENTATION_COMMENTS = YES;
				CLANG_WARN_EMPTY_BODY = YES;
				CLANG_WARN_ENUM_CONVERSION = YES;
				CLANG_WARN_INFINITE_RECURSION = YES;
				CLANG_WARN_INT_CONVERSION = YES;
				CLANG_WARN_NON_LITERAL_NULL_CONVERSION = YES;
				CLANG_WARN_OBJC_IMPLICIT_RETAIN_SELF = YES;
				CLANG_WARN_OBJC_LITERAL_CONVERSION = YES;
				CLANG_WARN_OBJC_ROOT_CLASS = YES_ERROR;
				CLANG_WARN_QUOTED_INCLUDE_IN_FRAMEWORK_HEADER = YES;
				CLANG_WARN_RANGE_LOOP_ANALYSIS = YES;
				CLANG_WARN_STRICT_PROTOTYPES = YES;
				CLANG_WARN_SUSPICIOUS_MOVE = YES;
				CLANG_WARN_UNGUARDED_AVAILABILITY = YES_AGGRESSIVE;
				CLANG_WARN_UNREACHABLE_CODE = YES;
				CLANG_WARN__DUPLICATE_METHOD_MATCH = YES;
				COPY_PHASE_STRIP = NO;
				DEBUG_INFORMATION_FORMAT = "dwarf-with-dsym";
				ENABLE_NS_ASSERTIONS = NO;
				ENABLE_STRICT_OBJC_MSGSEND = YES;
				GCC_C_LANGUAGE_STANDARD = gnu11;
				GCC_NO_COMMON_BLOCKS = YES;
				GCC_WARN_64_TO_32_BIT_CONVERSION = YES;
				GCC_WARN_ABOUT_RETURN_TYPE = YES_ERROR;
				GCC_WARN_UNDECLARED_SELECTOR = YES;
				GCC_WARN_UNINITIALIZED_AUTOS = YES_AGGRESSIVE;
				GCC_WARN_UNUSED_FUNCTION = YES;
				GCC_WARN_UNUSED_VARIABLE = YES;
				IPHONEOS_DEPLOYMENT_TARGET = 15.0;
				MTL_ENABLE_DEBUG_INFO = NO;
				MTL_FAST_MATH = YES;
				SDKROOT = iphoneos;
				SWIFT_COMPILATION_MODE = wholemodule;
				SWIFT_OPTIMIZATION_LEVEL = "-O";
				VALIDATE_PRODUCT = YES;
			};
			name = Release;
		};
		5A6869E727F08823004A47DC /* Debug */ = {
			isa = XCBuildConfiguration;
			buildSettings = {
				ASSETCATALOG_COMPILER_APPICON_NAME = AppIcon;
				ASSETCATALOG_COMPILER_GLOBAL_ACCENT_COLOR_NAME = AccentColor;
				CODE_SIGN_STYLE = Automatic;
				CURRENT_PROJECT_VERSION = 1;
				DEVELOPMENT_ASSET_PATHS = "\"VK intern task swiftui/Preview Content\"";
				DEVELOPMENT_TEAM = M7N6NR9H33;
				ENABLE_PREVIEWS = YES;
				GENERATE_INFOPLIST_FILE = YES;
				INFOPLIST_KEY_UIApplicationSceneManifest_Generation = YES;
				INFOPLIST_KEY_UIApplicationSupportsIndirectInputEvents = YES;
				INFOPLIST_KEY_UILaunchScreen_Generation = YES;
				INFOPLIST_KEY_UISupportedInterfaceOrientations_iPad = "UIInterfaceOrientationPortrait UIInterfaceOrientationPortraitUpsideDown UIInterfaceOrientationLandscapeLeft UIInterfaceOrientationLandscapeRight";
				INFOPLIST_KEY_UISupportedInterfaceOrientations_iPhone = "UIInterfaceOrientationPortrait UIInterfaceOrientationLandscapeLeft UIInterfaceOrientationLandscapeRight";
				IPHONEOS_DEPLOYMENT_TARGET = 15.0;
				LD_RUNPATH_SEARCH_PATHS = (
					"$(inherited)",
					"@executable_path/Frameworks",
				);
				MARKETING_VERSION = 1.0;
				PRODUCT_BUNDLE_IDENTIFIER = "ds.VK-intern-task-swiftui";
				PRODUCT_NAME = "$(TARGET_NAME)";
				SWIFT_EMIT_LOC_STRINGS = YES;
				SWIFT_VERSION = 5.0;
				TARGETED_DEVICE_FAMILY = "1,2";
			};
			name = Debug;
		};
		5A6869E827F08823004A47DC /* Release */ = {
			isa = XCBuildConfiguration;
			buildSettings = {
				ASSETCATALOG_COMPILER_APPICON_NAME = AppIcon;
				ASSETCATALOG_COMPILER_GLOBAL_ACCENT_COLOR_NAME = AccentColor;
				CODE_SIGN_STYLE = Automatic;
				CURRENT_PROJECT_VERSION = 1;
				DEVELOPMENT_ASSET_PATHS = "\"VK intern task swiftui/Preview Content\"";
				DEVELOPMENT_TEAM = M7N6NR9H33;
				ENABLE_PREVIEWS = YES;
				GENERATE_INFOPLIST_FILE = YES;
				INFOPLIST_KEY_UIApplicationSceneManifest_Generation = YES;
				INFOPLIST_KEY_UIApplicationSupportsIndirectInputEvents = YES;
				INFOPLIST_KEY_UILaunchScreen_Generation = YES;
				INFOPLIST_KEY_UISupportedInterfaceOrientations_iPad = "UIInterfaceOrientationPortrait UIInterfaceOrientationPortraitUpsideDown UIInterfaceOrientationLandscapeLeft UIInterfaceOrientationLandscapeRight";
				INFOPLIST_KEY_UISupportedInterfaceOrientations_iPhone = "UIInterfaceOrientationPortrait UIInterfaceOrientationLandscapeLeft UIInterfaceOrientationLandscapeRight";
				IPHONEOS_DEPLOYMENT_TARGET = 15.0;
				LD_RUNPATH_SEARCH_PATHS = (
					"$(inherited)",
					"@executable_path/Frameworks",
				);
				MARKETING_VERSION = 1.0;
				PRODUCT_BUNDLE_IDENTIFIER = "ds.VK-intern-task-swiftui";
				PRODUCT_NAME = "$(TARGET_NAME)";
				SWIFT_EMIT_LOC_STRINGS = YES;
				SWIFT_VERSION = 5.0;
				TARGETED_DEVICE_FAMILY = "1,2";
			};
			name = Release;
		};
/* End XCBuildConfiguration section */

/* Begin XCConfigurationList section */
		5A6869D327F08820004A47DC /* Build configuration list for PBXProject "VK intern task swiftui" */ = {
			isa = XCConfigurationList;
			buildConfigurations = (
				5A6869E427F08823004A47DC /* Debug */,
				5A6869E527F08823004A47DC /* Release */,
			);
			defaultConfigurationIsVisible = 0;
			defaultConfigurationName = Release;
		};
		5A6869E627F08823004A47DC /* Build configuration list for PBXNativeTarget "VK intern task swiftui" */ = {
			isa = XCConfigurationList;
			buildConfigurations = (
				5A6869E727F08823004A47DC /* Debug */,
				5A6869E827F08823004A47DC /* Release */,
			);
			defaultConfigurationIsVisible = 0;
			defaultConfigurationName = Release;
		};
/* End XCConfigurationList section */
	};
	rootObject = 5A6869D027F08820004A47DC /* Project object */;
}
